
Microsoft Visual Studio Solution File, Format Version 12.00
# Visual Studio Version 17
VisualStudioVersion = 17.2.32526.322
MinimumVisualStudioVersion = 10.0.40219.1
Project("{2150E333-8FDC-42A3-9474-1A3956D46DE8}") = "0-WEB", "0-WEB", "{66B37693-5B4B-4D9C-AAFA-6955027E45FE}"
EndProject
Project("{2150E333-8FDC-42A3-9474-1A3956D46DE8}") = "1-Application", "1-Application", "{CC07C262-8920-4B21-85CF-661EA89260D9}"
EndProject
Project("{2150E333-8FDC-42A3-9474-1A3956D46DE8}") = "2-Domain", "2-Domain", "{BBC72294-5BC6-420B-976C-584399429D8E}"
EndProject
Project("{2150E333-8FDC-42A3-9474-1A3956D46DE8}") = "3-Infra", "3-Infra", "{85817D3B-9E86-49D6-B07A-0C4846BAAD89}"
EndProject
Project("{2150E333-8FDC-42A3-9474-1A3956D46DE8}") = "4-Shared", "4-Shared", "{3FD1C04D-68EB-4505-9F7B-07BFEBE8F05D}"
EndProject
Project("{FAE04EC0-301F-11D3-BF4B-00C04F79EFBC}") = "Vip.SGI.Api", "Vip.SGI.Api\Vip.SGI.Api.csproj", "{5B468940-8F5F-4D60-9DBF-1E17DA0B83D1}"
EndProject
Project("{FAE04EC0-301F-11D3-BF4B-00C04F79EFBC}") = "Vip.SGI.Application", "Vip.SGI.Application\Vip.SGI.Application.csproj", "{7EEBCF21-E77A-4029-84B5-1EBAC9B3992C}"
EndProject
Project("{FAE04EC0-301F-11D3-BF4B-00C04F79EFBC}") = "Vip.SGI.Domain", "Vip.SGI.Domain\Vip.SGI.Domain.csproj", "{48AF1CA1-702E-4C9D-B471-89AB3E4E2386}"
EndProject
Project("{FAE04EC0-301F-11D3-BF4B-00C04F79EFBC}") = "Vip.SGI.Infra", "Vip.SGI.Infra\Vip.SGI.Infra.csproj", "{B31A4C96-36A1-42C0-A61F-96CFD1BBD31D}"
EndProject
Project("{FAE04EC0-301F-11D3-BF4B-00C04F79EFBC}") = "Vip.SGI.Shared", "Vip.SGI.Shared\Vip.SGI.Shared.csproj", "{1D677B22-7A40-4993-AFAB-45D84856120F}"
EndProject
Global
	GlobalSection(SolutionConfigurationPlatforms) = preSolution
		Debug|Any CPU = Debug|Any CPU
		Release|Any CPU = Release|Any CPU
	EndGlobalSection
	GlobalSection(ProjectConfigurationPlatforms) = postSolution
		{5B468940-8F5F-4D60-9DBF-1E17DA0B83D1}.Debug|Any CPU.ActiveCfg = Debug|Any CPU
		{5B468940-8F5F-4D60-9DBF-1E17DA0B83D1}.Debug|Any CPU.Build.0 = Debug|Any CPU
		{5B468940-8F5F-4D60-9DBF-1E17DA0B83D1}.Release|Any CPU.ActiveCfg = Release|Any CPU
		{5B468940-8F5F-4D60-9DBF-1E17DA0B83D1}.Release|Any CPU.Build.0 = Release|Any CPU
		{7EEBCF21-E77A-4029-84B5-1EBAC9B3992C}.Debug|Any CPU.ActiveCfg = Debug|Any CPU
		{7EEBCF21-E77A-4029-84B5-1EBAC9B3992C}.Debug|Any CPU.Build.0 = Debug|Any CPU
		{7EEBCF21-E77A-4029-84B5-1EBAC9B3992C}.Release|Any CPU.ActiveCfg = Release|Any CPU
		{7EEBCF21-E77A-4029-84B5-1EBAC9B3992C}.Release|Any CPU.Build.0 = Release|Any CPU
		{48AF1CA1-702E-4C9D-B471-89AB3E4E2386}.Debug|Any CPU.ActiveCfg = Debug|Any CPU
		{48AF1CA1-702E-4C9D-B471-89AB3E4E2386}.Debug|Any CPU.Build.0 = Debug|Any CPU
		{48AF1CA1-702E-4C9D-B471-89AB3E4E2386}.Release|Any CPU.ActiveCfg = Release|Any CPU
		{48AF1CA1-702E-4C9D-B471-89AB3E4E2386}.Release|Any CPU.Build.0 = Release|Any CPU
		{B31A4C96-36A1-42C0-A61F-96CFD1BBD31D}.Debug|Any CPU.ActiveCfg = Debug|Any CPU
		{B31A4C96-36A1-42C0-A61F-96CFD1BBD31D}.Debug|Any CPU.Build.0 = Debug|Any CPU
		{B31A4C96-36A1-42C0-A61F-96CFD1BBD31D}.Release|Any CPU.ActiveCfg = Release|Any CPU
		{B31A4C96-36A1-42C0-A61F-96CFD1BBD31D}.Release|Any CPU.Build.0 = Release|Any CPU
		{1D677B22-7A40-4993-AFAB-45D84856120F}.Debug|Any CPU.ActiveCfg = Debug|Any CPU
		{1D677B22-7A40-4993-AFAB-45D84856120F}.Debug|Any CPU.Build.0 = Debug|Any CPU
		{1D677B22-7A40-4993-AFAB-45D84856120F}.Release|Any CPU.ActiveCfg = Release|Any CPU
		{1D677B22-7A40-4993-AFAB-45D84856120F}.Release|Any CPU.Build.0 = Release|Any CPU
	EndGlobalSection
	GlobalSection(SolutionProperties) = preSolution
		HideSolutionNode = FALSE
	EndGlobalSection
	GlobalSection(NestedProjects) = preSolution
		{5B468940-8F5F-4D60-9DBF-1E17DA0B83D1} = {66B37693-5B4B-4D9C-AAFA-6955027E45FE}
		{7EEBCF21-E77A-4029-84B5-1EBAC9B3992C} = {CC07C262-8920-4B21-85CF-661EA89260D9}
		{48AF1CA1-702E-4C9D-B471-89AB3E4E2386} = {BBC72294-5BC6-420B-976C-584399429D8E}
		{B31A4C96-36A1-42C0-A61F-96CFD1BBD31D} = {85817D3B-9E86-49D6-B07A-0C4846BAAD89}
		{1D677B22-7A40-4993-AFAB-45D84856120F} = {3FD1C04D-68EB-4505-9F7B-07BFEBE8F05D}
	EndGlobalSection
	GlobalSection(ExtensibilityGlobals) = postSolution
		SolutionGuid = {5BAC8CDE-2D3A-484F-8603-52A1DA40A0FA}
	EndGlobalSection
EndGlobal
